
Microsoft Visual Studio Solution File, Format Version 12.00
# Visual Studio Version 16
VisualStudioVersion = 16.0.30413.136
MinimumVisualStudioVersion = 10.0.40219.1
Project("{FAE04EC0-301F-11D3-BF4B-00C04F79EFBC}") = "MQTTClient", "MQTTClient\MQTTClient.csproj", "{C9E110DE-803A-4D07-AB2A-7896884D71C0}"
EndProject
Global
	GlobalSection(SolutionConfigurationPlatforms) = preSolution
		Debug|Any CPU = Debug|Any CPU
		Release|Any CPU = Release|Any CPU
	EndGlobalSection
	GlobalSection(ProjectConfigurationPlatforms) = postSolution
		{C9E110DE-803A-4D07-AB2A-7896884D71C0}.Debug|Any CPU.ActiveCfg = Debug|Any CPU
		{C9E110DE-803A-4D07-AB2A-7896884D71C0}.Debug|Any CPU.Build.0 = Debug|Any CPU
		{C9E110DE-803A-4D07-AB2A-7896884D71C0}.Release|Any CPU.ActiveCfg = Release|Any CPU
		{C9E110DE-803A-4D07-AB2A-7896884D71C0}.Release|Any CPU.Build.0 = Release|Any CPU
	EndGlobalSection
	GlobalSection(SolutionProperties) = preSolution
		HideSolutionNode = FALSE
	EndGlobalSection
	GlobalSection(ExtensibilityGlobals) = postSolution
		SolutionGuid = {4F6E1D94-C62E-417C-9318-650FA1F8DD06}
	EndGlobalSection
EndGlobal
